
Microsoft Visual Studio Solution File, Format Version 12.00
# Visual Studio Version 16
VisualStudioVersion = 16.0.29519.87
MinimumVisualStudioVersion = 10.0.40219.1
Project("{9A19103F-16F7-4668-BE54-9A1E7A4F7556}") = "Algorithms", "Algorithms\Algorithms.csproj", "{38A63005-D2F1-412E-B32F-0399F9DD9C87}"
EndProject
Project("{2150E333-8FDC-42A3-9474-1A3956D46DE8}") = "Questions", "Questions", "{8E9BD650-662C-4660-861C-E0E7C38130FC}"
EndProject
Project("{9A19103F-16F7-4668-BE54-9A1E7A4F7556}") = "Algorithms.Contracts", "Algorithms.Contracts\Algorithms.Contracts.csproj", "{FBC4B161-6B69-4B66-821A-BC3FFAC27789}"
EndProject
Project("{9A19103F-16F7-4668-BE54-9A1E7A4F7556}") = "Algorithms.Library", "Algorithms.Library\Algorithms.Library.csproj", "{BDCB1D51-677E-4DD6-BC21-3071BC6BD650}"
EndProject
Project("{9A19103F-16F7-4668-BE54-9A1E7A4F7556}") = "Algorithms.Helpers", "Algorithms.Helpers\Algorithms.Helpers.csproj", "{C6A1A3A0-D3F6-4AC9-A454-D1AD88108EF4}"
EndProject
Project("{9A19103F-16F7-4668-BE54-9A1E7A4F7556}") = "Arrays and Strings", "Questions\Arrays and Strings\Arrays and Strings.csproj", "{DE85B837-4B68-43E3-9B5E-DE39BD5E9827}"
EndProject
Project("{9A19103F-16F7-4668-BE54-9A1E7A4F7556}") = "BitManipulation", "Questions\BitManipulation\BitManipulation.csproj", "{750C2E04-E579-42A3-885C-21EE7DEE07A3}"
EndProject
Project("{9A19103F-16F7-4668-BE54-9A1E7A4F7556}") = "DynamicProgramming", "Questions\DynamicProgramming\DynamicProgramming.csproj", "{879B61C2-D360-4D42-8B7B-1684861839C8}"
EndProject
Project("{9A19103F-16F7-4668-BE54-9A1E7A4F7556}") = "HashSet", "Questions\HashSet\HashSet.csproj", "{F7F261EA-D64E-4975-8ABC-1632FD90B86A}"
EndProject
Project("{9A19103F-16F7-4668-BE54-9A1E7A4F7556}") = "HashTable", "Questions\HashTable\HashTable.csproj", "{776F8E3A-80D7-4252-AAD3-73061CB2BCD6}"
EndProject
Project("{9A19103F-16F7-4668-BE54-9A1E7A4F7556}") = "LinkedList", "Questions\LinkedList\LinkedList.csproj", "{18A5FACB-BAFC-40FD-A3E6-9A5E8DFD97FE}"
EndProject
Project("{9A19103F-16F7-4668-BE54-9A1E7A4F7556}") = "Math", "Questions\Math\Math.csproj", "{7F8BC54B-6604-4A4A-B377-39AC22F673E6}"
EndProject
Project("{9A19103F-16F7-4668-BE54-9A1E7A4F7556}") = "Stack", "Questions\Stack\Stack.csproj", "{A98C15C8-5921-4595-A1BC-6D8CD782E34C}"
EndProject
Project("{9A19103F-16F7-4668-BE54-9A1E7A4F7556}") = "Tree", "Questions\Tree\Tree.csproj", "{91875D17-D675-45D2-9203-EDBC23CF4017}"
EndProject
Project("{9A19103F-16F7-4668-BE54-9A1E7A4F7556}") = "Concurrency", "Questions\Concurrency\Concurrency.csproj", "{0609F217-55AE-408E-83F5-A6A6D3638A33}"
EndProject
Project("{9A19103F-16F7-4668-BE54-9A1E7A4F7556}") = "Recursion", "Questions\Recursion\Recursion.csproj", "{FB328571-5FA7-441E-9154-242EC8E7D12E}"
EndProject
Project("{9A19103F-16F7-4668-BE54-9A1E7A4F7556}") = "General", "Questions\General\General.csproj", "{B5FC7C73-4558-482F-A6C4-A2707827640D}"
EndProject
Project("{2150E333-8FDC-42A3-9474-1A3956D46DE8}") = "UnitTests", "UnitTests", "{760BE5FF-EC72-4C16-B17F-6222E8CD18E8}"
EndProject
Project("{9A19103F-16F7-4668-BE54-9A1E7A4F7556}") = "Algorithms.Library.Tests", "UnitTests\Algorithms.Library.Tests\Algorithms.Library.Tests.csproj", "{AA0935B0-85B4-4A43-9DAC-EB93EEBF39E8}"
EndProject
Project("{FAE04EC0-301F-11D3-BF4B-00C04F79EFBC}") = "Queue", "Questions\Queue\Queue.csproj", "{A0967F43-B1B3-4B23-97A9-03116C6F5E18}"
EndProject
Global
	GlobalSection(SolutionConfigurationPlatforms) = preSolution
		Debug|Any CPU = Debug|Any CPU
		Release|Any CPU = Release|Any CPU
	EndGlobalSection
	GlobalSection(ProjectConfigurationPlatforms) = postSolution
		{38A63005-D2F1-412E-B32F-0399F9DD9C87}.Debug|Any CPU.ActiveCfg = Debug|Any CPU
		{38A63005-D2F1-412E-B32F-0399F9DD9C87}.Debug|Any CPU.Build.0 = Debug|Any CPU
		{38A63005-D2F1-412E-B32F-0399F9DD9C87}.Release|Any CPU.ActiveCfg = Release|Any CPU
		{38A63005-D2F1-412E-B32F-0399F9DD9C87}.Release|Any CPU.Build.0 = Release|Any CPU
		{FBC4B161-6B69-4B66-821A-BC3FFAC27789}.Debug|Any CPU.ActiveCfg = Debug|Any CPU
		{FBC4B161-6B69-4B66-821A-BC3FFAC27789}.Debug|Any CPU.Build.0 = Debug|Any CPU
		{FBC4B161-6B69-4B66-821A-BC3FFAC27789}.Release|Any CPU.ActiveCfg = Release|Any CPU
		{FBC4B161-6B69-4B66-821A-BC3FFAC27789}.Release|Any CPU.Build.0 = Release|Any CPU
		{BDCB1D51-677E-4DD6-BC21-3071BC6BD650}.Debug|Any CPU.ActiveCfg = Debug|Any CPU
		{BDCB1D51-677E-4DD6-BC21-3071BC6BD650}.Debug|Any CPU.Build.0 = Debug|Any CPU
		{BDCB1D51-677E-4DD6-BC21-3071BC6BD650}.Release|Any CPU.ActiveCfg = Release|Any CPU
		{BDCB1D51-677E-4DD6-BC21-3071BC6BD650}.Release|Any CPU.Build.0 = Release|Any CPU
		{C6A1A3A0-D3F6-4AC9-A454-D1AD88108EF4}.Debug|Any CPU.ActiveCfg = Debug|Any CPU
		{C6A1A3A0-D3F6-4AC9-A454-D1AD88108EF4}.Debug|Any CPU.Build.0 = Debug|Any CPU
		{C6A1A3A0-D3F6-4AC9-A454-D1AD88108EF4}.Release|Any CPU.ActiveCfg = Release|Any CPU
		{C6A1A3A0-D3F6-4AC9-A454-D1AD88108EF4}.Release|Any CPU.Build.0 = Release|Any CPU
		{DE85B837-4B68-43E3-9B5E-DE39BD5E9827}.Debug|Any CPU.ActiveCfg = Debug|Any CPU
		{DE85B837-4B68-43E3-9B5E-DE39BD5E9827}.Debug|Any CPU.Build.0 = Debug|Any CPU
		{DE85B837-4B68-43E3-9B5E-DE39BD5E9827}.Release|Any CPU.ActiveCfg = Release|Any CPU
		{DE85B837-4B68-43E3-9B5E-DE39BD5E9827}.Release|Any CPU.Build.0 = Release|Any CPU
		{750C2E04-E579-42A3-885C-21EE7DEE07A3}.Debug|Any CPU.ActiveCfg = Debug|Any CPU
		{750C2E04-E579-42A3-885C-21EE7DEE07A3}.Debug|Any CPU.Build.0 = Debug|Any CPU
		{750C2E04-E579-42A3-885C-21EE7DEE07A3}.Release|Any CPU.ActiveCfg = Release|Any CPU
		{750C2E04-E579-42A3-885C-21EE7DEE07A3}.Release|Any CPU.Build.0 = Release|Any CPU
		{879B61C2-D360-4D42-8B7B-1684861839C8}.Debug|Any CPU.ActiveCfg = Debug|Any CPU
		{879B61C2-D360-4D42-8B7B-1684861839C8}.Debug|Any CPU.Build.0 = Debug|Any CPU
		{879B61C2-D360-4D42-8B7B-1684861839C8}.Release|Any CPU.ActiveCfg = Release|Any CPU
		{879B61C2-D360-4D42-8B7B-1684861839C8}.Release|Any CPU.Build.0 = Release|Any CPU
		{F7F261EA-D64E-4975-8ABC-1632FD90B86A}.Debug|Any CPU.ActiveCfg = Debug|Any CPU
		{F7F261EA-D64E-4975-8ABC-1632FD90B86A}.Debug|Any CPU.Build.0 = Debug|Any CPU
		{F7F261EA-D64E-4975-8ABC-1632FD90B86A}.Release|Any CPU.ActiveCfg = Release|Any CPU
		{F7F261EA-D64E-4975-8ABC-1632FD90B86A}.Release|Any CPU.Build.0 = Release|Any CPU
		{776F8E3A-80D7-4252-AAD3-73061CB2BCD6}.Debug|Any CPU.ActiveCfg = Debug|Any CPU
		{776F8E3A-80D7-4252-AAD3-73061CB2BCD6}.Debug|Any CPU.Build.0 = Debug|Any CPU
		{776F8E3A-80D7-4252-AAD3-73061CB2BCD6}.Release|Any CPU.ActiveCfg = Release|Any CPU
		{776F8E3A-80D7-4252-AAD3-73061CB2BCD6}.Release|Any CPU.Build.0 = Release|Any CPU
		{18A5FACB-BAFC-40FD-A3E6-9A5E8DFD97FE}.Debug|Any CPU.ActiveCfg = Debug|Any CPU
		{18A5FACB-BAFC-40FD-A3E6-9A5E8DFD97FE}.Debug|Any CPU.Build.0 = Debug|Any CPU
		{18A5FACB-BAFC-40FD-A3E6-9A5E8DFD97FE}.Release|Any CPU.ActiveCfg = Release|Any CPU
		{18A5FACB-BAFC-40FD-A3E6-9A5E8DFD97FE}.Release|Any CPU.Build.0 = Release|Any CPU
		{7F8BC54B-6604-4A4A-B377-39AC22F673E6}.Debug|Any CPU.ActiveCfg = Debug|Any CPU
		{7F8BC54B-6604-4A4A-B377-39AC22F673E6}.Debug|Any CPU.Build.0 = Debug|Any CPU
		{7F8BC54B-6604-4A4A-B377-39AC22F673E6}.Release|Any CPU.ActiveCfg = Release|Any CPU
		{7F8BC54B-6604-4A4A-B377-39AC22F673E6}.Release|Any CPU.Build.0 = Release|Any CPU
		{A98C15C8-5921-4595-A1BC-6D8CD782E34C}.Debug|Any CPU.ActiveCfg = Debug|Any CPU
		{A98C15C8-5921-4595-A1BC-6D8CD782E34C}.Debug|Any CPU.Build.0 = Debug|Any CPU
		{A98C15C8-5921-4595-A1BC-6D8CD782E34C}.Release|Any CPU.ActiveCfg = Release|Any CPU
		{A98C15C8-5921-4595-A1BC-6D8CD782E34C}.Release|Any CPU.Build.0 = Release|Any CPU
		{91875D17-D675-45D2-9203-EDBC23CF4017}.Debug|Any CPU.ActiveCfg = Debug|Any CPU
		{91875D17-D675-45D2-9203-EDBC23CF4017}.Debug|Any CPU.Build.0 = Debug|Any CPU
		{91875D17-D675-45D2-9203-EDBC23CF4017}.Release|Any CPU.ActiveCfg = Release|Any CPU
		{91875D17-D675-45D2-9203-EDBC23CF4017}.Release|Any CPU.Build.0 = Release|Any CPU
		{0609F217-55AE-408E-83F5-A6A6D3638A33}.Debug|Any CPU.ActiveCfg = Debug|Any CPU
		{0609F217-55AE-408E-83F5-A6A6D3638A33}.Debug|Any CPU.Build.0 = Debug|Any CPU
		{0609F217-55AE-408E-83F5-A6A6D3638A33}.Release|Any CPU.ActiveCfg = Release|Any CPU
		{0609F217-55AE-408E-83F5-A6A6D3638A33}.Release|Any CPU.Build.0 = Release|Any CPU
		{FB328571-5FA7-441E-9154-242EC8E7D12E}.Debug|Any CPU.ActiveCfg = Debug|Any CPU
		{FB328571-5FA7-441E-9154-242EC8E7D12E}.Debug|Any CPU.Build.0 = Debug|Any CPU
		{FB328571-5FA7-441E-9154-242EC8E7D12E}.Release|Any CPU.ActiveCfg = Release|Any CPU
		{FB328571-5FA7-441E-9154-242EC8E7D12E}.Release|Any CPU.Build.0 = Release|Any CPU
		{B5FC7C73-4558-482F-A6C4-A2707827640D}.Debug|Any CPU.ActiveCfg = Debug|Any CPU
		{B5FC7C73-4558-482F-A6C4-A2707827640D}.Debug|Any CPU.Build.0 = Debug|Any CPU
		{B5FC7C73-4558-482F-A6C4-A2707827640D}.Release|Any CPU.ActiveCfg = Release|Any CPU
		{B5FC7C73-4558-482F-A6C4-A2707827640D}.Release|Any CPU.Build.0 = Release|Any CPU
		{AA0935B0-85B4-4A43-9DAC-EB93EEBF39E8}.Debug|Any CPU.ActiveCfg = Debug|Any CPU
		{AA0935B0-85B4-4A43-9DAC-EB93EEBF39E8}.Debug|Any CPU.Build.0 = Debug|Any CPU
		{AA0935B0-85B4-4A43-9DAC-EB93EEBF39E8}.Release|Any CPU.ActiveCfg = Release|Any CPU
		{AA0935B0-85B4-4A43-9DAC-EB93EEBF39E8}.Release|Any CPU.Build.0 = Release|Any CPU
		{A0967F43-B1B3-4B23-97A9-03116C6F5E18}.Debug|Any CPU.ActiveCfg = Debug|Any CPU
		{A0967F43-B1B3-4B23-97A9-03116C6F5E18}.Debug|Any CPU.Build.0 = Debug|Any CPU
		{A0967F43-B1B3-4B23-97A9-03116C6F5E18}.Release|Any CPU.ActiveCfg = Release|Any CPU
		{A0967F43-B1B3-4B23-97A9-03116C6F5E18}.Release|Any CPU.Build.0 = Release|Any CPU
	EndGlobalSection
	GlobalSection(SolutionProperties) = preSolution
		HideSolutionNode = FALSE
	EndGlobalSection
	GlobalSection(NestedProjects) = preSolution
		{DE85B837-4B68-43E3-9B5E-DE39BD5E9827} = {8E9BD650-662C-4660-861C-E0E7C38130FC}
		{750C2E04-E579-42A3-885C-21EE7DEE07A3} = {8E9BD650-662C-4660-861C-E0E7C38130FC}
		{879B61C2-D360-4D42-8B7B-1684861839C8} = {8E9BD650-662C-4660-861C-E0E7C38130FC}
		{F7F261EA-D64E-4975-8ABC-1632FD90B86A} = {8E9BD650-662C-4660-861C-E0E7C38130FC}
		{776F8E3A-80D7-4252-AAD3-73061CB2BCD6} = {8E9BD650-662C-4660-861C-E0E7C38130FC}
		{18A5FACB-BAFC-40FD-A3E6-9A5E8DFD97FE} = {8E9BD650-662C-4660-861C-E0E7C38130FC}
		{7F8BC54B-6604-4A4A-B377-39AC22F673E6} = {8E9BD650-662C-4660-861C-E0E7C38130FC}
		{A98C15C8-5921-4595-A1BC-6D8CD782E34C} = {8E9BD650-662C-4660-861C-E0E7C38130FC}
		{91875D17-D675-45D2-9203-EDBC23CF4017} = {8E9BD650-662C-4660-861C-E0E7C38130FC}
		{0609F217-55AE-408E-83F5-A6A6D3638A33} = {8E9BD650-662C-4660-861C-E0E7C38130FC}
		{FB328571-5FA7-441E-9154-242EC8E7D12E} = {8E9BD650-662C-4660-861C-E0E7C38130FC}
		{B5FC7C73-4558-482F-A6C4-A2707827640D} = {8E9BD650-662C-4660-861C-E0E7C38130FC}
		{AA0935B0-85B4-4A43-9DAC-EB93EEBF39E8} = {760BE5FF-EC72-4C16-B17F-6222E8CD18E8}
		{A0967F43-B1B3-4B23-97A9-03116C6F5E18} = {8E9BD650-662C-4660-861C-E0E7C38130FC}
	EndGlobalSection
	GlobalSection(ExtensibilityGlobals) = postSolution
		SolutionGuid = {6A097C1B-D493-4EA8-9932-2C410AF1DC7A}
	EndGlobalSection
EndGlobal
